
Microsoft Visual Studio Solution File, Format Version 12.00
# Visual Studio Version 17
VisualStudioVersion = 17.6.33801.468
MinimumVisualStudioVersion = 10.0.40219.1
Project("{9A19103F-16F7-4668-BE54-9A1E7A4F7556}") = "University", "Uinversity\University.csproj", "{9F9C5F75-0BF4-454D-8FEB-4CB63F6A4403}"
EndProject
Project("{E53339B2-1760-4266-BCC7-CA923CBCF16C}") = "docker-compose", "docker-compose.dcproj", "{58DDAD57-F51A-4EAE-92CD-BA242FDDECFE}"
EndProject
Project("{9A19103F-16F7-4668-BE54-9A1E7A4F7556}") = "UniversityData", "UniversityData\UniversityData.csproj", "{64832433-8333-469E-8E28-6E73BC1D7663}"
EndProject
Project("{9A19103F-16F7-4668-BE54-9A1E7A4F7556}") = "UniversityCore", "UniversityCore\UniversityCore.csproj", "{AF7ACBA4-F0BB-4D9B-A913-327B89321785}"
EndProject
Project("{9A19103F-16F7-4668-BE54-9A1E7A4F7556}") = "EventBusModule", "EventBusModule\EventBusModule.csproj", "{C07DF2B9-8E94-487C-9DC5-A7DAAFD0ADA1}"
EndProject
Project("{9A19103F-16F7-4668-BE54-9A1E7A4F7556}") = "SDK", "SDK\SDK.csproj", "{F1AF5B01-18F5-4273-AB49-D4153D18969C}"
EndProject
Project("{FAE04EC0-301F-11D3-BF4B-00C04F79EFBC}") = "Functions", "Functions\Functions.csproj", "{04F2F06F-D6D1-4F95-991D-9EEA3F2A43EC}"
EndProject
Global
	GlobalSection(SolutionConfigurationPlatforms) = preSolution
		Debug|Any CPU = Debug|Any CPU
		Release|Any CPU = Release|Any CPU
	EndGlobalSection
	GlobalSection(ProjectConfigurationPlatforms) = postSolution
		{9F9C5F75-0BF4-454D-8FEB-4CB63F6A4403}.Debug|Any CPU.ActiveCfg = Debug|Any CPU
		{9F9C5F75-0BF4-454D-8FEB-4CB63F6A4403}.Debug|Any CPU.Build.0 = Debug|Any CPU
		{9F9C5F75-0BF4-454D-8FEB-4CB63F6A4403}.Release|Any CPU.ActiveCfg = Release|Any CPU
		{9F9C5F75-0BF4-454D-8FEB-4CB63F6A4403}.Release|Any CPU.Build.0 = Release|Any CPU
		{58DDAD57-F51A-4EAE-92CD-BA242FDDECFE}.Debug|Any CPU.ActiveCfg = Debug|Any CPU
		{58DDAD57-F51A-4EAE-92CD-BA242FDDECFE}.Debug|Any CPU.Build.0 = Debug|Any CPU
		{58DDAD57-F51A-4EAE-92CD-BA242FDDECFE}.Release|Any CPU.ActiveCfg = Release|Any CPU
		{58DDAD57-F51A-4EAE-92CD-BA242FDDECFE}.Release|Any CPU.Build.0 = Release|Any CPU
		{64832433-8333-469E-8E28-6E73BC1D7663}.Debug|Any CPU.ActiveCfg = Debug|Any CPU
		{64832433-8333-469E-8E28-6E73BC1D7663}.Debug|Any CPU.Build.0 = Debug|Any CPU
		{64832433-8333-469E-8E28-6E73BC1D7663}.Release|Any CPU.ActiveCfg = Release|Any CPU
		{64832433-8333-469E-8E28-6E73BC1D7663}.Release|Any CPU.Build.0 = Release|Any CPU
		{AF7ACBA4-F0BB-4D9B-A913-327B89321785}.Debug|Any CPU.ActiveCfg = Debug|Any CPU
		{AF7ACBA4-F0BB-4D9B-A913-327B89321785}.Debug|Any CPU.Build.0 = Debug|Any CPU
		{AF7ACBA4-F0BB-4D9B-A913-327B89321785}.Release|Any CPU.ActiveCfg = Release|Any CPU
		{AF7ACBA4-F0BB-4D9B-A913-327B89321785}.Release|Any CPU.Build.0 = Release|Any CPU
		{C07DF2B9-8E94-487C-9DC5-A7DAAFD0ADA1}.Debug|Any CPU.ActiveCfg = Debug|Any CPU
		{C07DF2B9-8E94-487C-9DC5-A7DAAFD0ADA1}.Debug|Any CPU.Build.0 = Debug|Any CPU
		{C07DF2B9-8E94-487C-9DC5-A7DAAFD0ADA1}.Release|Any CPU.ActiveCfg = Release|Any CPU
		{C07DF2B9-8E94-487C-9DC5-A7DAAFD0ADA1}.Release|Any CPU.Build.0 = Release|Any CPU
		{F1AF5B01-18F5-4273-AB49-D4153D18969C}.Debug|Any CPU.ActiveCfg = Debug|Any CPU
		{F1AF5B01-18F5-4273-AB49-D4153D18969C}.Debug|Any CPU.Build.0 = Debug|Any CPU
		{F1AF5B01-18F5-4273-AB49-D4153D18969C}.Release|Any CPU.ActiveCfg = Release|Any CPU
		{F1AF5B01-18F5-4273-AB49-D4153D18969C}.Release|Any CPU.Build.0 = Release|Any CPU
		{04F2F06F-D6D1-4F95-991D-9EEA3F2A43EC}.Debug|Any CPU.ActiveCfg = Debug|Any CPU
		{04F2F06F-D6D1-4F95-991D-9EEA3F2A43EC}.Debug|Any CPU.Build.0 = Debug|Any CPU
		{04F2F06F-D6D1-4F95-991D-9EEA3F2A43EC}.Release|Any CPU.ActiveCfg = Release|Any CPU
		{04F2F06F-D6D1-4F95-991D-9EEA3F2A43EC}.Release|Any CPU.Build.0 = Release|Any CPU
	EndGlobalSection
	GlobalSection(SolutionProperties) = preSolution
		HideSolutionNode = FALSE
	EndGlobalSection
	GlobalSection(ExtensibilityGlobals) = postSolution
		SolutionGuid = {363F787F-DEBA-4107-83D0-2BD843617698}
	EndGlobalSection
EndGlobal
